# This file is automatically @generated by Cargo.
# It is not intended for manual editing.
version = 4

[[package]]
name = "solar-cli"
version = "0.1.1"
dependencies = [
 "solar-core",
 "solar-ingest",
]

[[package]]
name = "solar-core"
version = "0.1.1"

[[package]]
name = "solar-ingest"
version = "0.1.1"

[[package]]
name = "solar-wasm"
version = "0.1.1"
dependencies = [
 "solar-core",
]
